# THIS IS AN AUTOGENERATED FILE. DO NOT EDIT THIS FILE DIRECTLY.
# yarn lockfile v1


"@types/formidable@^1.0.31":
  version "1.0.32"
  resolved "https://registry.npm.taobao.org/@types/formidable/download/@types/formidable-1.0.32.tgz?cache=0&sync_timestamp=1613379552639&other_urls=https%3A%2F%2Fregistry.npm.taobao.org%2F%40types%2Fformidable%2Fdownload%2F%40types%2Fformidable-1.0.32.tgz#d9a7eefbaa995a4486ec4e3960e9552e68b3f33c"
  integrity sha1-2afu+6qZWkSG7E45YOlVLmiz8zw=
  dependencies:
    "@types/node" "*"

"@types/node@*":
  version "10.12.10"
  resolved "http://registry.npm.taobao.org/@types/node/download/@types/node-10.12.10.tgz#4fa76e6598b7de3f0cb6ec3abacc4f59e5b3a2ce"

accepts@^1.3.5:
  version "1.3.5"
  resolved "http://registry.npm.taobao.org/accepts/download/accepts-1.3.5.tgz#eb777df6011723a3b14e8a72c0805c8e86746bd2"
  dependencies:
    mime-types "~2.1.18"
    negotiator "0.6.1"

any-promise@^1.0.0, any-promise@^1.1.0, any-promise@^1.3.0:
  version "1.3.0"
  resolved "http://registry.npm.taobao.org/any-promise/download/any-promise-1.3.0.tgz#abc6afeedcea52e809cdc0376aed3ce39635d17f"

bytes@3.0.0:
  version "3.0.0"
  resolved "http://registry.npm.taobao.org/bytes/download/bytes-3.0.0.tgz#d32815404d689699f85a4ea4fa8755dd13a96048"

bytes@3.1.0, bytes@^3.0.0:
  version "3.1.0"
  resolved "https://registry.npm.taobao.org/bytes/download/bytes-3.1.0.tgz#f6cf7933a360e0588fa9fde85651cdc7f805d1f6"
  integrity sha1-9s95M6Ng4FiPqf3oVlHNx/gF0fY=

cache-content-type@^1.0.0:
  version "1.0.1"
  resolved "http://registry.npm.taobao.org/cache-content-type/download/cache-content-type-1.0.1.tgz#035cde2b08ee2129f4a8315ea8f00a00dba1453c"
  dependencies:
    mime-types "^2.1.18"
    ylru "^1.2.0"

co-body@^5.1.1:
  version "5.2.0"
  resolved "http://registry.npm.taobao.org/co-body/download/co-body-5.2.0.tgz#5a0a658c46029131e0e3a306f67647302f71c124"
  dependencies:
    inflation "^2.0.0"
    qs "^6.4.0"
    raw-body "^2.2.0"
    type-is "^1.6.14"

co@^4.6.0:
  version "4.6.0"
  resolved "http://registry.npm.taobao.org/co/download/co-4.6.0.tgz#6ea6bdf3d853ae54ccb8e47bfa0bf3f9031fb184"

compressible@^2.0.0:
  version "2.0.15"
  resolved "http://registry.npm.taobao.org/compressible/download/compressible-2.0.15.tgz#857a9ab0a7e5a07d8d837ed43fe2defff64fe212"
  dependencies:
    mime-db ">= 1.36.0 < 2"

configstore@^5.0.1:
  version "5.0.1"
  resolved "https://registry.npm.taobao.org/configstore/download/configstore-5.0.1.tgz?cache=0&sync_timestamp=1597606467619&other_urls=https%3A%2F%2Fregistry.npm.taobao.org%2Fconfigstore%2Fdownload%2Fconfigstore-5.0.1.tgz#d365021b5df4b98cdd187d6a3b0e3f6a7cc5ed96"
  integrity sha1-02UCG130uYzdGH1qOw4/anzF7ZY=
  dependencies:
    dot-prop "^5.2.0"
    graceful-fs "^4.1.2"
    make-dir "^3.0.0"
    unique-string "^2.0.0"
    write-file-atomic "^3.0.0"
    xdg-basedir "^4.0.0"

content-disposition@~0.5.2:
  version "0.5.2"
  resolved "http://registry.npm.taobao.org/content-disposition/download/content-disposition-0.5.2.tgz#0cf68bb9ddf5f2be7961c3a85178cb85dba78cb4"

content-type@^1.0.4:
  version "1.0.4"
  resolved "http://registry.npm.taobao.org/content-type/download/content-type-1.0.4.tgz#e138cc75e040c727b1966fe5e5f8c9aee256fe3b"

cookies@~0.8.0:
  version "0.8.0"
  resolved "https://registry.npm.taobao.org/cookies/download/cookies-0.8.0.tgz#1293ce4b391740a8406e3c9870e828c4b54f3f90"
  integrity sha1-EpPOSzkXQKhAbjyYcOgoxLVPP5A=
  dependencies:
    depd "~2.0.0"
    keygrip "~1.1.0"

crypto-random-string@^2.0.0:
  version "2.0.0"
  resolved "https://registry.npm.taobao.org/crypto-random-string/download/crypto-random-string-2.0.0.tgz#ef2a7a966ec11083388369baa02ebead229b30d5"
  integrity sha1-7yp6lm7BEIM4g2m6oC6+rSKbMNU=

csrf@^3.1.0:
  version "3.1.0"
  resolved "https://registry.npm.taobao.org/csrf/download/csrf-3.1.0.tgz#ec75e9656d004d674b8ef5ba47b41fbfd6cb9c30"
  integrity sha1-7HXpZW0ATWdLjvW6R7Qfv9bLnDA=
  dependencies:
    rndm "1.2.0"
    tsscmp "1.0.6"
    uid-safe "2.1.5"

debug@^2.6.1:
  version "2.6.9"
  resolved "http://registry.npm.taobao.org/debug/download/debug-2.6.9.tgz#5d128515df134ff327e90a4c93f4e077a536341f"
  dependencies:
    ms "2.0.0"

debug@^3.1.0:
  version "3.2.6"
  resolved "http://registry.npm.taobao.org/debug/download/debug-3.2.6.tgz#e83d17de16d8a7efb7717edbe5fb10135eee629b"
  dependencies:
    ms "^2.1.1"

debug@^4.1.1:
  version "4.3.1"
  resolved "https://registry.npm.taobao.org/debug/download/debug-4.3.1.tgz?cache=0&sync_timestamp=1607566571506&other_urls=https%3A%2F%2Fregistry.npm.taobao.org%2Fdebug%2Fdownload%2Fdebug-4.3.1.tgz#f0d229c505e0c6d8c49ac553d1b13dc183f6b2ee"
  integrity sha1-8NIpxQXgxtjEmsVT0bE9wYP2su4=
  dependencies:
    ms "2.1.2"

debug@~3.1.0:
  version "3.1.0"
  resolved "http://registry.npm.taobao.org/debug/download/debug-3.1.0.tgz#5bb5a0672628b64149566ba16819e61518c67261"
  dependencies:
    ms "2.0.0"

deep-equal@~1.0.1:
  version "1.0.1"
  resolved "http://registry.npm.taobao.org/deep-equal/download/deep-equal-1.0.1.tgz#f5d260292b660e084eff4cdbc9f08ad3247448b5"

delegates@^1.0.0:
  version "1.0.0"
  resolved "http://registry.npm.taobao.org/delegates/download/delegates-1.0.0.tgz#84c6e159b81904fdca59a0ef44cd870d31250f9a"

denque@^1.4.1:
  version "1.5.0"
  resolved "https://registry.npm.taobao.org/denque/download/denque-1.5.0.tgz#773de0686ff2d8ec2ff92914316a47b73b1c73de"
  integrity sha1-dz3gaG/y2Owv+SkUMWpHtzscc94=

depd@^2.0.0, depd@~2.0.0:
  version "2.0.0"
  resolved "https://registry.npm.taobao.org/depd/download/depd-2.0.0.tgz#b696163cc757560d09cf22cc8fad1571b79e76df"
  integrity sha1-tpYWPMdXVg0JzyLMj60Vcbeedt8=

depd@~1.1.2:
  version "1.1.2"
  resolved "http://registry.npm.taobao.org/depd/download/depd-1.1.2.tgz#9bcd52e14c097763e749b274c4346ed2e560b5a9"

destroy@^1.0.4:
  version "1.0.4"
  resolved "http://registry.npm.taobao.org/destroy/download/destroy-1.0.4.tgz#978857442c44749e4206613e37946205826abd80"

dot-prop@^5.2.0:
  version "5.3.0"
  resolved "https://registry.npm.taobao.org/dot-prop/download/dot-prop-5.3.0.tgz?cache=0&sync_timestamp=1605778245785&other_urls=https%3A%2F%2Fregistry.npm.taobao.org%2Fdot-prop%2Fdownload%2Fdot-prop-5.3.0.tgz#90ccce708cd9cd82cc4dc8c3ddd9abdd55b20e88"
  integrity sha1-kMzOcIzZzYLMTcjD3dmr3VWyDog=
  dependencies:
    is-obj "^2.0.0"

dottie@^2.0.0:
  version "2.0.1"
  resolved "http://registry.npm.taobao.org/dottie/download/dottie-2.0.1.tgz#697ad9d72004db7574d21f892466a3c285893659"

ee-first@1.1.1:
  version "1.1.1"
  resolved "http://registry.npm.taobao.org/ee-first/download/ee-first-1.1.1.tgz#590c61156b0ae2f4f0255732a158b266bc56b21d"

ejs@^2.6.1:
  version "2.7.4"
  resolved "https://registry.npm.taobao.org/ejs/download/ejs-2.7.4.tgz#48661287573dcc53e366c7a1ae52c3a120eec9ba"
  integrity sha1-SGYSh1c9zFPjZsehrlLDoSDuybo=

encodeurl@^1.0.2:
  version "1.0.2"
  resolved "https://registry.npm.taobao.org/encodeurl/download/encodeurl-1.0.2.tgz#ad3ff4c86ec2d029322f5a02c3a9a606c95b3f59"
  integrity sha1-rT/0yG7C0CkyL1oCw6mmBslbP1k=

escape-html@^1.0.3:
  version "1.0.3"
  resolved "http://registry.npm.taobao.org/escape-html/download/escape-html-1.0.3.tgz#0258eae4d3d0c0974de1c169188ef0051d1d1988"

formidable@^1.1.1:
  version "1.2.1"
  resolved "http://registry.npm.taobao.org/formidable/download/formidable-1.2.1.tgz#70fb7ca0290ee6ff961090415f4b3df3d2082659"

fresh@~0.5.2:
  version "0.5.2"
  resolved "http://registry.npm.taobao.org/fresh/download/fresh-0.5.2.tgz#3d8cadd90d976569fa835ab1f8e4b23a105605a7"

generate-function@^2.3.1:
  version "2.3.1"
  resolved "http://registry.npm.taobao.org/generate-function/download/generate-function-2.3.1.tgz#f069617690c10c868e73b8465746764f97c3479f"
  dependencies:
    is-property "^1.0.2"

graceful-fs@^4.1.2:
  version "4.1.15"
  resolved "http://registry.npm.taobao.org/graceful-fs/download/graceful-fs-4.1.15.tgz#ffb703e1066e8a0eeaa4c8b80ba9253eeefbfb00"

http-assert@^1.3.0:
  version "1.4.0"
  resolved "http://registry.npm.taobao.org/http-assert/download/http-assert-1.4.0.tgz#0e550b4fca6adf121bbeed83248c17e62f593a9a"
  dependencies:
    deep-equal "~1.0.1"
    http-errors "~1.7.1"

http-errors@1.6.3, http-errors@~1.6.2:
  version "1.6.3"
  resolved "http://registry.npm.taobao.org/http-errors/download/http-errors-1.6.3.tgz#8b55680bb4be283a0b5bf4ea2e38580be1d9320d"
  dependencies:
    depd "~1.1.2"
    inherits "2.0.3"
    setprototypeof "1.1.0"
    statuses ">= 1.4.0 < 2"

http-errors@1.7.3:
  version "1.7.3"
  resolved "https://registry.npm.taobao.org/http-errors/download/http-errors-1.7.3.tgz#6c619e4f9c60308c38519498c14fbb10aacebb06"
  integrity sha1-bGGeT5xgMIw4UZSYwU+7EKrOuwY=
  dependencies:
    depd "~1.1.2"
    inherits "2.0.4"
    setprototypeof "1.1.1"
    statuses ">= 1.5.0 < 2"
    toidentifier "1.0.0"

http-errors@^1.6.3, http-errors@~1.7.1:
  version "1.7.1"
  resolved "http://registry.npm.taobao.org/http-errors/download/http-errors-1.7.1.tgz#6a4ffe5d35188e1c39f872534690585852e1f027"
  dependencies:
    depd "~1.1.2"
    inherits "2.0.3"
    setprototypeof "1.1.0"
    statuses ">= 1.5.0 < 2"
    toidentifier "1.0.0"

http-errors@^1.7.3:
  version "1.8.0"
  resolved "https://registry.npm.taobao.org/http-errors/download/http-errors-1.8.0.tgz#75d1bbe497e1044f51e4ee9e704a62f28d336507"
  integrity sha1-ddG75JfhBE9R5O6ecEpi8o0zZQc=
  dependencies:
    depd "~1.1.2"
    inherits "2.0.4"
    setprototypeof "1.2.0"
    statuses ">= 1.5.0 < 2"
    toidentifier "1.0.0"

iconv-lite@0.4.23:
  version "0.4.23"
  resolved "http://registry.npm.taobao.org/iconv-lite/download/iconv-lite-0.4.23.tgz#297871f63be507adcfbfca715d0cd0eed84e9a63"
  dependencies:
    safer-buffer ">= 2.1.2 < 3"

iconv-lite@0.4.24:
  version "0.4.24"
  resolved "https://registry.npm.taobao.org/iconv-lite/download/iconv-lite-0.4.24.tgz#2022b4b25fbddc21d2f524974a474aafe733908b"
  integrity sha1-ICK0sl+93CHS9SSXSkdKr+czkIs=
  dependencies:
    safer-buffer ">= 2.1.2 < 3"

iconv-lite@^0.6.2:
  version "0.6.2"
  resolved "https://registry.npm.taobao.org/iconv-lite/download/iconv-lite-0.6.2.tgz#ce13d1875b0c3a674bd6a04b7f76b01b1b6ded01"
  integrity sha1-zhPRh1sMOmdL1qBLf3awGxtt7QE=
  dependencies:
    safer-buffer ">= 2.1.2 < 3.0.0"

imurmurhash@^0.1.4:
  version "0.1.4"
  resolved "http://registry.npm.taobao.org/imurmurhash/download/imurmurhash-0.1.4.tgz#9218b9b2b928a238b13dc4fb6b6d576f231453ea"

inflation@^2.0.0:
  version "2.0.0"
  resolved "http://registry.npm.taobao.org/inflation/download/inflation-2.0.0.tgz#8b417e47c28f925a45133d914ca1fd389107f30f"

inflection@1.12.0:
  version "1.12.0"
  resolved "http://registry.npm.taobao.org/inflection/download/inflection-1.12.0.tgz#a200935656d6f5f6bc4dc7502e1aecb703228416"

inherits@2.0.3:
  version "2.0.3"
  resolved "http://registry.npm.taobao.org/inherits/download/inherits-2.0.3.tgz#633c2c83e3da42a502f52466022480f4208261de"

inherits@2.0.4:
  version "2.0.4"
  resolved "https://registry.npm.taobao.org/inherits/download/inherits-2.0.4.tgz#0fa2c64f932917c3433a0ded55363aae37416b7c"
  integrity sha1-D6LGT5MpF8NDOg3tVTY6rjdBa3w=

is-generator-function@^1.0.7:
  version "1.0.7"
  resolved "http://registry.npm.taobao.org/is-generator-function/download/is-generator-function-1.0.7.tgz#d2132e529bb0000a7f80794d4bdf5cd5e5813522"

is-obj@^2.0.0:
  version "2.0.0"
  resolved "https://registry.npm.taobao.org/is-obj/download/is-obj-2.0.0.tgz#473fb05d973705e3fd9620545018ca8e22ef4982"
  integrity sha1-Rz+wXZc3BeP9liBUUBjKjiLvSYI=

is-property@^1.0.2:
  version "1.0.2"
  resolved "http://registry.npm.taobao.org/is-property/download/is-property-1.0.2.tgz#57fe1c4e48474edd65b09911f26b1cd4095dda84"

is-typedarray@^1.0.0:
  version "1.0.0"
  resolved "https://registry.npm.taobao.org/is-typedarray/download/is-typedarray-1.0.0.tgz#e479c80858df0c1b11ddda6940f96011fcda4a9a"
  integrity sha1-5HnICFjfDBsR3dppQPlgEfzaSpo=

keygrip@~1.1.0:
  version "1.1.0"
  resolved "https://registry.npm.taobao.org/keygrip/download/keygrip-1.1.0.tgz#871b1681d5e159c62a445b0c74b615e0917e7226"
  integrity sha1-hxsWgdXhWcYqRFsMdLYV4JF+ciY=
  dependencies:
    tsscmp "1.0.6"

koa-body@^4.2.0:
  version "4.2.0"
  resolved "https://registry.npm.taobao.org/koa-body/download/koa-body-4.2.0.tgz#37229208b820761aca5822d14c5fc55cee31b26f"
  integrity sha1-NyKSCLggdhrKWCLRTF/FXO4xsm8=
  dependencies:
    "@types/formidable" "^1.0.31"
    co-body "^5.1.1"
    formidable "^1.1.1"

koa-compose@^3.0.0:
  version "3.2.1"
  resolved "http://registry.npm.taobao.org/koa-compose/download/koa-compose-3.2.1.tgz#a85ccb40b7d986d8e5a345b3a1ace8eabcf54de7"
  dependencies:
    any-promise "^1.1.0"

koa-compose@^4.1.0:
  version "4.1.0"
  resolved "http://registry.npm.taobao.org/koa-compose/download/koa-compose-4.1.0.tgz#507306b9371901db41121c812e923d0d67d3e877"

koa-compress@^5.0.1:
  version "5.0.1"
  resolved "https://registry.npm.taobao.org/koa-compress/download/koa-compress-5.0.1.tgz#9e89e2847998f8f9f73a5674e5739a2f4b6531fc"
  integrity sha1-nonihHmY+Pn3OlZ05XOaL0tlMfw=
  dependencies:
    bytes "^3.0.0"
    compressible "^2.0.0"
    http-errors "^1.7.3"
    koa-is-json "^1.0.0"
    statuses "^2.0.0"

koa-convert@^1.2.0:
  version "1.2.0"
  resolved "http://registry.npm.taobao.org/koa-convert/download/koa-convert-1.2.0.tgz#da40875df49de0539098d1700b50820cebcd21d0"
  dependencies:
    co "^4.6.0"
    koa-compose "^3.0.0"

koa-csrf@^3.0.8:
  version "3.0.8"
  resolved "https://registry.npm.taobao.org/koa-csrf/download/koa-csrf-3.0.8.tgz#028f958aa9d721a341828f6d26e0cf8a54817b4a"
  integrity sha1-Ao+ViqnXIaNBgo9tJuDPilSBe0o=
  dependencies:
    csrf "^3.1.0"

koa-ejs@^4.3.0:
  version "4.3.0"
  resolved "https://registry.npm.taobao.org/koa-ejs/download/koa-ejs-4.3.0.tgz#06d8459b1d52f4c41b413d8778f71e1ab2ec5009"
  integrity sha1-BthFmx1S9MQbQT2HePceGrLsUAk=
  dependencies:
    debug "^2.6.1"
    ejs "^2.6.1"
    mz "^2.6.0"

koa-favicon@^2.1.0:
  version "2.1.0"
  resolved "https://registry.npm.taobao.org/koa-favicon/download/koa-favicon-2.1.0.tgz#c430cc594614fb494adcb5ee1196a2f7f53ea442"
  integrity sha1-xDDMWUYU+0lK3LXuEZai9/U+pEI=
  dependencies:
    mz "^2.7.0"

koa-is-json@^1.0.0:
  version "1.0.0"
  resolved "http://registry.npm.taobao.org/koa-is-json/download/koa-is-json-1.0.0.tgz#273c07edcdcb8df6a2c1ab7d59ee76491451ec14"

koa-router@^10.0.0:
  version "10.0.0"
  resolved "https://registry.npm.taobao.org/koa-router/download/koa-router-10.0.0.tgz?cache=0&sync_timestamp=1604326486207&other_urls=https%3A%2F%2Fregistry.npm.taobao.org%2Fkoa-router%2Fdownload%2Fkoa-router-10.0.0.tgz#7bc76a031085731e61fc92c1683687b2f44de6a4"
  integrity sha1-e8dqAxCFcx5h/JLBaDaHsvRN5qQ=
  dependencies:
    debug "^4.1.1"
    http-errors "^1.7.3"
    koa-compose "^4.1.0"
    methods "^1.1.2"
    path-to-regexp "^6.1.0"

koa-send@^5.0.0:
  version "5.0.1"
  resolved "https://registry.npm.taobao.org/koa-send/download/koa-send-5.0.1.tgz#39dceebfafb395d0d60beaffba3a70b4f543fe79"
  integrity sha1-Odzuv6+zldDWC+r/ujpwtPVD/nk=
  dependencies:
    debug "^4.1.1"
    http-errors "^1.7.3"
    resolve-path "^1.4.0"

koa-session2@^2.2.10:
  version "2.2.10"
  resolved "https://registry.npm.taobao.org/koa-session2/download/koa-session2-2.2.10.tgz#90b83526a8f2e4cdc3e64d421dc0e112bf725d48"
  integrity sha1-kLg1Jqjy5M3D5k1CHcDhEr9yXUg=

koa-static@^5.0.0:
  version "5.0.0"
  resolved "https://registry.npm.taobao.org/koa-static/download/koa-static-5.0.0.tgz#5e92fc96b537ad5219f425319c95b64772776943"
  integrity sha1-XpL8lrU3rVIZ9CUxnJW2R3J3aUM=
  dependencies:
    debug "^3.1.0"
    koa-send "^5.0.0"

koa@^2.13.1:
  version "2.13.1"
  resolved "https://registry.npm.taobao.org/koa/download/koa-2.13.1.tgz?cache=0&sync_timestamp=1609771379723&other_urls=https%3A%2F%2Fregistry.npm.taobao.org%2Fkoa%2Fdownload%2Fkoa-2.13.1.tgz#6275172875b27bcfe1d454356a5b6b9f5a9b1051"
  integrity sha1-YnUXKHWye8/h1FQ1altrn1qbEFE=
  dependencies:
    accepts "^1.3.5"
    cache-content-type "^1.0.0"
    content-disposition "~0.5.2"
    content-type "^1.0.4"
    cookies "~0.8.0"
    debug "~3.1.0"
    delegates "^1.0.0"
    depd "^2.0.0"
    destroy "^1.0.4"
    encodeurl "^1.0.2"
    escape-html "^1.0.3"
    fresh "~0.5.2"
    http-assert "^1.3.0"
    http-errors "^1.6.3"
    is-generator-function "^1.0.7"
    koa-compose "^4.1.0"
    koa-convert "^1.2.0"
    on-finished "^2.3.0"
    only "~0.0.2"
    parseurl "^1.3.2"
    statuses "^1.5.0"
    type-is "^1.6.16"
    vary "^1.1.2"

lodash@^4.17.20:
  version "4.17.21"
  resolved "https://registry.npm.taobao.org/lodash/download/lodash-4.17.21.tgz?cache=0&sync_timestamp=1613835817439&other_urls=https%3A%2F%2Fregistry.npm.taobao.org%2Flodash%2Fdownload%2Flodash-4.17.21.tgz#679591c564c3bffaae8454cf0b3df370c3d6911c"
  integrity sha1-Z5WRxWTDv/quhFTPCz3zcMPWkRw=

long@^4.0.0:
  version "4.0.0"
  resolved "http://registry.npm.taobao.org/long/download/long-4.0.0.tgz#9a7b71cfb7d361a194ea555241c92f7468d5bf28"

lru-cache@^4.1.3:
  version "4.1.5"
  resolved "https://registry.npm.taobao.org/lru-cache/download/lru-cache-4.1.5.tgz#8bbe50ea85bed59bc9e33dcab8235ee9bcf443cd"
  integrity sha1-i75Q6oW+1ZvJ4z3KuCNe6bz0Q80=
  dependencies:
    pseudomap "^1.0.2"
    yallist "^2.1.2"

lru-cache@^6.0.0:
  version "6.0.0"
  resolved "https://registry.npm.taobao.org/lru-cache/download/lru-cache-6.0.0.tgz#6d6fe6570ebd96aaf90fcad1dafa3b2566db3a94"
  integrity sha1-bW/mVw69lqr5D8rR2vo7JWbbOpQ=
  dependencies:
    yallist "^4.0.0"

make-dir@^3.0.0:
  version "3.1.0"
  resolved "https://registry.npm.taobao.org/make-dir/download/make-dir-3.1.0.tgz#415e967046b3a7f1d185277d84aa58203726a13f"
  integrity sha1-QV6WcEazp/HRhSd9hKpYIDcmoT8=
  dependencies:
    semver "^6.0.0"

media-typer@0.3.0:
  version "0.3.0"
  resolved "http://registry.npm.taobao.org/media-typer/download/media-typer-0.3.0.tgz#8710d7af0aa626f8fffa1ce00168545263255748"

methods@^1.1.2:
  version "1.1.2"
  resolved "https://registry.npm.taobao.org/methods/download/methods-1.1.2.tgz#5529a4d67654134edcc5266656835b0f851afcee"
  integrity sha1-VSmk1nZUE07cxSZmVoNbD4Ua/O4=

"mime-db@>= 1.36.0 < 2", mime-db@~1.37.0:
  version "1.37.0"
  resolved "http://registry.npm.taobao.org/mime-db/download/mime-db-1.37.0.tgz#0b6a0ce6fdbe9576e25f1f2d2fde8830dc0ad0d8"

mime-types@^2.1.18, mime-types@~2.1.18:
  version "2.1.21"
  resolved "http://registry.npm.taobao.org/mime-types/download/mime-types-2.1.21.tgz#28995aa1ecb770742fe6ae7e58f9181c744b3f96"
  dependencies:
    mime-db "~1.37.0"

moment-timezone@^0.5.31:
  version "0.5.33"
  resolved "https://registry.npm.taobao.org/moment-timezone/download/moment-timezone-0.5.33.tgz?cache=0&sync_timestamp=1612595182581&other_urls=https%3A%2F%2Fregistry.npm.taobao.org%2Fmoment-timezone%2Fdownload%2Fmoment-timezone-0.5.33.tgz#b252fd6bb57f341c9b59a5ab61a8e51a73bbd22c"
  integrity sha1-slL9a7V/NBybWaWrYajlGnO70iw=
  dependencies:
    moment ">= 2.9.0"

"moment@>= 2.9.0":
  version "2.22.2"
  resolved "http://registry.npm.taobao.org/moment/download/moment-2.22.2.tgz#3c257f9839fc0e93ff53149632239eb90783ff66"

moment@^2.26.0, moment@^2.29.1:
  version "2.29.1"
  resolved "https://registry.npm.taobao.org/moment/download/moment-2.29.1.tgz?cache=0&sync_timestamp=1601983320283&other_urls=https%3A%2F%2Fregistry.npm.taobao.org%2Fmoment%2Fdownload%2Fmoment-2.29.1.tgz#b2be769fa31940be9eeea6469c075e35006fa3d3"
  integrity sha1-sr52n6MZQL6e7qZGnAdeNQBvo9M=

ms@2.0.0:
  version "2.0.0"
  resolved "http://registry.npm.taobao.org/ms/download/ms-2.0.0.tgz#5608aeadfc00be6c2901df5f9861788de0d597c8"

ms@2.1.2:
  version "2.1.2"
  resolved "https://registry.npm.taobao.org/ms/download/ms-2.1.2.tgz?cache=0&sync_timestamp=1607433872491&other_urls=https%3A%2F%2Fregistry.npm.taobao.org%2Fms%2Fdownload%2Fms-2.1.2.tgz#d09d1f357b443f493382a8eb3ccd183872ae6009"
  integrity sha1-0J0fNXtEP0kzgqjrPM0YOHKuYAk=

ms@^2.1.1:
  version "2.1.1"
  resolved "http://registry.npm.taobao.org/ms/download/ms-2.1.1.tgz#30a5864eb3ebb0a66f2ebe6d727af06a09d86e0a"

mysql2@^2.2.5:
  version "2.2.5"
  resolved "https://registry.npm.taobao.org/mysql2/download/mysql2-2.2.5.tgz#72624ffb4816f80f96b9c97fedd8c00935f9f340"
  integrity sha1-cmJP+0gW+A+Wucl/7djACTX580A=
  dependencies:
    denque "^1.4.1"
    generate-function "^2.3.1"
    iconv-lite "^0.6.2"
    long "^4.0.0"
    lru-cache "^6.0.0"
    named-placeholders "^1.1.2"
    seq-queue "^0.0.5"
    sqlstring "^2.3.2"

mz@^2.6.0, mz@^2.7.0:
  version "2.7.0"
  resolved "http://registry.npm.taobao.org/mz/download/mz-2.7.0.tgz#95008057a56cafadc2bc63dde7f9ff6955948e32"
  dependencies:
    any-promise "^1.0.0"
    object-assign "^4.0.1"
    thenify-all "^1.0.0"

named-placeholders@^1.1.2:
  version "1.1.2"
  resolved "https://registry.npm.taobao.org/named-placeholders/download/named-placeholders-1.1.2.tgz#ceb1fbff50b6b33492b5cf214ccf5e39cef3d0e8"
  integrity sha1-zrH7/1C2szSStc8hTM9eOc7z0Og=
  dependencies:
    lru-cache "^4.1.3"

negotiator@0.6.1:
  version "0.6.1"
  resolved "http://registry.npm.taobao.org/negotiator/download/negotiator-0.6.1.tgz#2b327184e8992101177b28563fb5e7102acd0ca9"

object-assign@^4.0.1:
  version "4.1.1"
  resolved "http://registry.npm.taobao.org/object-assign/download/object-assign-4.1.1.tgz#2109adc7965887cfc05cbbd442cac8bfbb360863"

on-finished@^2.3.0:
  version "2.3.0"
  resolved "http://registry.npm.taobao.org/on-finished/download/on-finished-2.3.0.tgz#20f1336481b083cd75337992a16971aa2d906947"
  dependencies:
    ee-first "1.1.1"

only@~0.0.2:
  version "0.0.2"
  resolved "http://registry.npm.taobao.org/only/download/only-0.0.2.tgz#2afde84d03e50b9a8edc444e30610a70295edfb4"

parseurl@^1.3.2:
  version "1.3.2"
  resolved "http://registry.npm.taobao.org/parseurl/download/parseurl-1.3.2.tgz#fc289d4ed8993119460c156253262cdc8de65bf3"

path-is-absolute@1.0.1:
  version "1.0.1"
  resolved "http://registry.npm.taobao.org/path-is-absolute/download/path-is-absolute-1.0.1.tgz#174b9268735534ffbc7ace6bf53a5a9e1b5c5f5f"

path-to-regexp@^6.1.0:
  version "6.2.0"
  resolved "https://registry.npm.taobao.org/path-to-regexp/download/path-to-regexp-6.2.0.tgz?cache=0&other_urls=https%3A%2F%2Fregistry.npm.taobao.org%2Fpath-to-regexp%2Fdownload%2Fpath-to-regexp-6.2.0.tgz#f7b3803336104c346889adece614669230645f38"
  integrity sha1-97OAMzYQTDRoia3s5hRmkjBkXzg=

pseudomap@^1.0.2:
  version "1.0.2"
  resolved "http://registry.npm.taobao.org/pseudomap/download/pseudomap-1.0.2.tgz#f052a28da70e618917ef0a8ac34c1ae5a68286b3"

qs@^6.4.0:
  version "6.6.0"
  resolved "http://registry.npm.taobao.org/qs/download/qs-6.6.0.tgz#a99c0f69a8d26bf7ef012f871cdabb0aee4424c2"

random-bytes@~1.0.0:
  version "1.0.0"
  resolved "http://registry.npm.taobao.org/random-bytes/download/random-bytes-1.0.0.tgz#4f68a1dc0ae58bd3fb95848c30324db75d64360b"

raw-body@^2.2.0:
  version "2.3.3"
  resolved "http://registry.npm.taobao.org/raw-body/download/raw-body-2.3.3.tgz#1b324ece6b5706e153855bc1148c65bb7f6ea0c3"
  dependencies:
    bytes "3.0.0"
    http-errors "1.6.3"
    iconv-lite "0.4.23"
    unpipe "1.0.0"

raw-body@^2.4.1:
  version "2.4.1"
  resolved "https://registry.npm.taobao.org/raw-body/download/raw-body-2.4.1.tgz#30ac82f98bb5ae8c152e67149dac8d55153b168c"
  integrity sha1-MKyC+Yu1rowVLmcUnayNVRU7Fow=
  dependencies:
    bytes "3.1.0"
    http-errors "1.7.3"
    iconv-lite "0.4.24"
    unpipe "1.0.0"

resolve-path@^1.4.0:
  version "1.4.0"
  resolved "https://registry.npm.taobao.org/resolve-path/download/resolve-path-1.4.0.tgz#c4bda9f5efb2fce65247873ab36bb4d834fe16f7"
  integrity sha1-xL2p9e+y/OZSR4c6s2u02DT+Fvc=
  dependencies:
    http-errors "~1.6.2"
    path-is-absolute "1.0.1"

retry-as-promised@^3.2.0:
  version "3.2.0"
  resolved "https://registry.npm.taobao.org/retry-as-promised/download/retry-as-promised-3.2.0.tgz#769f63d536bec4783549db0777cb56dadd9d8543"
  integrity sha1-dp9j1Ta+xHg1SdsHd8tW2t2dhUM=
  dependencies:
    any-promise "^1.3.0"

rndm@1.2.0:
  version "1.2.0"
  resolved "http://registry.npm.taobao.org/rndm/download/rndm-1.2.0.tgz#f33fe9cfb52bbfd520aa18323bc65db110a1b76c"

"safer-buffer@>= 2.1.2 < 3", "safer-buffer@>= 2.1.2 < 3.0.0":
  version "2.1.2"
  resolved "http://registry.npm.taobao.org/safer-buffer/download/safer-buffer-2.1.2.tgz#44fa161b0187b9549dd84bb91802f9bd8385cd6a"

semver@^6.0.0:
  version "6.3.0"
  resolved "https://registry.npm.taobao.org/semver/download/semver-6.3.0.tgz?cache=0&sync_timestamp=1606854493763&other_urls=https%3A%2F%2Fregistry.npm.taobao.org%2Fsemver%2Fdownload%2Fsemver-6.3.0.tgz#ee0a64c8af5e8ceea67687b133761e1becbd1d3d"
  integrity sha1-7gpkyK9ejO6mdoexM3YeG+y9HT0=

semver@^7.3.2:
  version "7.3.4"
  resolved "https://registry.npm.taobao.org/semver/download/semver-7.3.4.tgz?cache=0&sync_timestamp=1606854493763&other_urls=https%3A%2F%2Fregistry.npm.taobao.org%2Fsemver%2Fdownload%2Fsemver-7.3.4.tgz#27aaa7d2e4ca76452f98d3add093a72c943edc97"
  integrity sha1-J6qn0uTKdkUvmNOt0JOnLJQ+3Jc=
  dependencies:
    lru-cache "^6.0.0"

seq-queue@^0.0.5:
  version "0.0.5"
  resolved "https://registry.npm.taobao.org/seq-queue/download/seq-queue-0.0.5.tgz#d56812e1c017a6e4e7c3e3a37a1da6d78dd3c93e"
  integrity sha1-1WgS4cAXpuTnw+Ojeh2m143TyT4=

sequelize-pool@^6.0.0:
  version "6.1.0"
  resolved "https://registry.npm.taobao.org/sequelize-pool/download/sequelize-pool-6.1.0.tgz#caaa0c1e324d3c2c3a399fed2c7998970925d668"
  integrity sha1-yqoMHjJNPCw6OZ/tLHmYlwkl1mg=

sequelize@^6.5.0:
  version "6.5.0"
  resolved "https://registry.npm.taobao.org/sequelize/download/sequelize-6.5.0.tgz#c968a03f6fbbcda40717f73edb39fadf27b85e96"
  integrity sha1-yWigP2+7zaQHF/c+2zn63ye4XpY=
  dependencies:
    debug "^4.1.1"
    dottie "^2.0.0"
    inflection "1.12.0"
    lodash "^4.17.20"
    moment "^2.26.0"
    moment-timezone "^0.5.31"
    retry-as-promised "^3.2.0"
    semver "^7.3.2"
    sequelize-pool "^6.0.0"
    toposort-class "^1.0.1"
    uuid "^8.1.0"
    validator "^10.11.0"
    wkx "^0.5.0"

setprototypeof@1.1.0:
  version "1.1.0"
  resolved "http://registry.npm.taobao.org/setprototypeof/download/setprototypeof-1.1.0.tgz#d0bd85536887b6fe7c0d818cb962d9d91c54e656"

setprototypeof@1.1.1:
  version "1.1.1"
  resolved "https://registry.npm.taobao.org/setprototypeof/download/setprototypeof-1.1.1.tgz#7e95acb24aa92f5885e0abef5ba131330d4ae683"
  integrity sha1-fpWsskqpL1iF4KvvW6ExMw1K5oM=

setprototypeof@1.2.0:
  version "1.2.0"
  resolved "https://registry.npm.taobao.org/setprototypeof/download/setprototypeof-1.2.0.tgz#66c9a24a73f9fc28cbe66b09fed3d33dcaf1b424"
  integrity sha1-ZsmiSnP5/CjL5msJ/tPTPcrxtCQ=

signal-exit@^3.0.2:
  version "3.0.2"
  resolved "http://registry.npm.taobao.org/signal-exit/download/signal-exit-3.0.2.tgz#b5fdc08f1287ea1178628e415e25132b73646c6d"

sqlstring@^2.3.2:
  version "2.3.2"
  resolved "https://registry.npm.taobao.org/sqlstring/download/sqlstring-2.3.2.tgz#cdae7169389a1375b18e885f2e60b3e460809514"
  integrity sha1-za5xaTiaE3WxjohfLmCz5GCAlRQ=

"statuses@>= 1.4.0 < 2", "statuses@>= 1.5.0 < 2", statuses@^1.5.0:
  version "1.5.0"
  resolved "http://registry.npm.taobao.org/statuses/download/statuses-1.5.0.tgz#161c7dac177659fd9811f43771fa99381478628c"

statuses@^2.0.0:
  version "2.0.1"
  resolved "https://registry.npm.taobao.org/statuses/download/statuses-2.0.1.tgz?cache=0&sync_timestamp=1609654090567&other_urls=https%3A%2F%2Fregistry.npm.taobao.org%2Fstatuses%2Fdownload%2Fstatuses-2.0.1.tgz#55cb000ccf1d48728bd23c685a063998cf1a1b63"
  integrity sha1-VcsADM8dSHKL0jxoWgY5mM8aG2M=

thenify-all@^1.0.0:
  version "1.6.0"
  resolved "http://registry.npm.taobao.org/thenify-all/download/thenify-all-1.6.0.tgz#1a1918d402d8fc3f98fbf234db0bcc8cc10e9726"
  dependencies:
    thenify ">= 3.1.0 < 4"

"thenify@>= 3.1.0 < 4":
  version "3.3.0"
  resolved "http://registry.npm.taobao.org/thenify/download/thenify-3.3.0.tgz#e69e38a1babe969b0108207978b9f62b88604839"
  dependencies:
    any-promise "^1.0.0"

toidentifier@1.0.0:
  version "1.0.0"
  resolved "http://registry.npm.taobao.org/toidentifier/download/toidentifier-1.0.0.tgz#7e1be3470f1e77948bc43d94a3c8f4d7752ba553"

toposort-class@^1.0.1:
  version "1.0.1"
  resolved "http://registry.npm.taobao.org/toposort-class/download/toposort-class-1.0.1.tgz#7ffd1f78c8be28c3ba45cd4e1a3f5ee193bd9988"

tsscmp@1.0.6:
  version "1.0.6"
  resolved "https://registry.npm.taobao.org/tsscmp/download/tsscmp-1.0.6.tgz#85b99583ac3589ec4bfef825b5000aa911d605eb"
  integrity sha1-hbmVg6w1iexL/vgltQAKqRHWBes=

type-is@^1.6.14, type-is@^1.6.16:
  version "1.6.16"
  resolved "http://registry.npm.taobao.org/type-is/download/type-is-1.6.16.tgz#f89ce341541c672b25ee7ae3c73dee3b2be50194"
  dependencies:
    media-typer "0.3.0"
    mime-types "~2.1.18"

typedarray-to-buffer@^3.1.5:
  version "3.1.5"
  resolved "https://registry.npm.taobao.org/typedarray-to-buffer/download/typedarray-to-buffer-3.1.5.tgz#a97ee7a9ff42691b9f783ff1bc5112fe3fca9080"
  integrity sha1-qX7nqf9CaRufeD/xvFES/j/KkIA=
  dependencies:
    is-typedarray "^1.0.0"

uid-safe@2.1.5:
  version "2.1.5"
  resolved "https://registry.npm.taobao.org/uid-safe/download/uid-safe-2.1.5.tgz#2b3d5c7240e8fc2e58f8aa269e5ee49c0857bd3a"
  integrity sha1-Kz1cckDo/C5Y+Komnl7knAhXvTo=
  dependencies:
    random-bytes "~1.0.0"

unique-string@^2.0.0:
  version "2.0.0"
  resolved "https://registry.npm.taobao.org/unique-string/download/unique-string-2.0.0.tgz#39c6451f81afb2749de2b233e3f7c5e8843bd89d"
  integrity sha1-OcZFH4GvsnSd4rIz4/fF6IQ72J0=
  dependencies:
    crypto-random-string "^2.0.0"

unpipe@1.0.0:
  version "1.0.0"
  resolved "http://registry.npm.taobao.org/unpipe/download/unpipe-1.0.0.tgz#b2bf4ee8514aae6165b4817829d21b2ef49904ec"

uuid@^8.1.0:
  version "8.3.2"
  resolved "https://registry.npm.taobao.org/uuid/download/uuid-8.3.2.tgz?cache=0&sync_timestamp=1607458532020&other_urls=https%3A%2F%2Fregistry.npm.taobao.org%2Fuuid%2Fdownload%2Fuuid-8.3.2.tgz#80d5b5ced271bb9af6c445f21a1a04c606cefbe2"
  integrity sha1-gNW1ztJxu5r2xEXyGhoExgbO++I=

validator@^10.11.0:
  version "10.11.0"
  resolved "https://registry.npm.taobao.org/validator/download/validator-10.11.0.tgz?cache=0&sync_timestamp=1607605039381&other_urls=https%3A%2F%2Fregistry.npm.taobao.org%2Fvalidator%2Fdownload%2Fvalidator-10.11.0.tgz#003108ea6e9a9874d31ccc9e5006856ccd76b228"
  integrity sha1-ADEI6m6amHTTHMyeUAaFbM12sig=

vary@^1.1.2:
  version "1.1.2"
  resolved "http://registry.npm.taobao.org/vary/download/vary-1.1.2.tgz#2299f02c6ded30d4a5961b0b9f74524a18f634fc"

wkx@^0.5.0:
  version "0.5.0"
  resolved "https://registry.npm.taobao.org/wkx/download/wkx-0.5.0.tgz#c6c37019acf40e517cc6b94657a25a3d4aa33e8c"
  integrity sha1-xsNwGaz0DlF8xrlGV6JaPUqjPow=
  dependencies:
    "@types/node" "*"

write-file-atomic@^3.0.0:
  version "3.0.3"
  resolved "https://registry.npm.taobao.org/write-file-atomic/download/write-file-atomic-3.0.3.tgz#56bd5c5a5c70481cd19c571bd39ab965a5de56e8"
  integrity sha1-Vr1cWlxwSBzRnFcb05q5ZaXeVug=
  dependencies:
    imurmurhash "^0.1.4"
    is-typedarray "^1.0.0"
    signal-exit "^3.0.2"
    typedarray-to-buffer "^3.1.5"

xdg-basedir@^4.0.0:
  version "4.0.0"
  resolved "https://registry.npm.taobao.org/xdg-basedir/download/xdg-basedir-4.0.0.tgz#4bc8d9984403696225ef83a1573cbbcb4e79db13"
  integrity sha1-S8jZmEQDaWIl74OhVzy7y0552xM=

yallist@^2.1.2:
  version "2.1.2"
  resolved "http://registry.npm.taobao.org/yallist/download/yallist-2.1.2.tgz#1c11f9218f076089a47dd512f93c6699a6a81d52"

yallist@^4.0.0:
  version "4.0.0"
  resolved "https://registry.npm.taobao.org/yallist/download/yallist-4.0.0.tgz#9bb92790d9c0effec63be73519e11a35019a3a72"
  integrity sha1-m7knkNnA7/7GO+c1GeEaNQGaOnI=

ylru@^1.2.0:
  version "1.2.1"
  resolved "http://registry.npm.taobao.org/ylru/download/ylru-1.2.1.tgz#f576b63341547989c1de7ba288760923b27fe84f"
